
Microsoft Visual Studio Solution File, Format Version 12.00
# Visual Studio Version 17
VisualStudioVersion = 17.10.34916.146
MinimumVisualStudioVersion = 10.0.40219.1
Project("{8BC9CEB8-8B4A-11D0-8D11-00A0C91BC942}") = "sandbox", "sandbox\sandbox.vcxproj", "{C7A63F6B-9BCF-4520-AC47-472B5C78B9D7}"
EndProject
Project("{8BC9CEB8-8B4A-11D0-8D11-00A0C91BC942}") = "GaganEngine", "GaganEngine\GaganEngine.vcxproj", "{13FA7CBA-D8F7-4D56-9B6F-9BC7DBE502B0}"
EndProject
Global
	GlobalSection(SolutionConfigurationPlatforms) = preSolution
		Debug|x64 = Debug|x64
		Release|x64 = Release|x64
	EndGlobalSection
	GlobalSection(ProjectConfigurationPlatforms) = postSolution
		{13FA7CBA-D8F7-4D56-9B6F-9BC7DBE502B0}.Debug|x64.ActiveCfg = Debug|x64
		{13FA7CBA-D8F7-4D56-9B6F-9BC7DBE502B0}.Debug|x64.Build.0 = Debug|x64
		{13FA7CBA-D8F7-4D56-9B6F-9BC7DBE502B0}.Release|x64.ActiveCfg = Release|x64
		{13FA7CBA-D8F7-4D56-9B6F-9BC7DBE502B0}.Release|x64.Build.0 = Release|x64
		{C7A63F6B-9BCF-4520-AC47-472B5C78B9D7}.Debug|x64.ActiveCfg = Debug|x64
		{C7A63F6B-9BCF-4520-AC47-472B5C78B9D7}.Debug|x64.Build.0 = Debug|x64
		{C7A63F6B-9BCF-4520-AC47-472B5C78B9D7}.Release|x64.ActiveCfg = Release|x64
		{C7A63F6B-9BCF-4520-AC47-472B5C78B9D7}.Release|x64.Build.0 = Release|x64
	EndGlobalSection
	GlobalSection(SolutionProperties) = preSolution
		HideSolutionNode = FALSE
	EndGlobalSection
	GlobalSection(ExtensibilityGlobals) = postSolution
		SolutionGuid = {E2E4078B-B041-41D4-845D-EA1B00432742}
	EndGlobalSection
EndGlobal
